
Microsoft Visual Studio Solution File, Format Version 12.00
# Visual Studio Version 17
VisualStudioVersion = 17.3.32825.248
MinimumVisualStudioVersion = 10.0.40219.1
Project("{FAE04EC0-301F-11D3-BF4B-00C04F79EFBC}") = "5.76", "5.76\5.76.csproj", "{A5ECF80D-C4A0-42E2-BC7A-93F4E9FE8E69}"
EndProject
Global
	GlobalSection(SolutionConfigurationPlatforms) = preSolution
		Debug|Any CPU = Debug|Any CPU
		Release|Any CPU = Release|Any CPU
	EndGlobalSection
	GlobalSection(ProjectConfigurationPlatforms) = postSolution
		{A5ECF80D-C4A0-42E2-BC7A-93F4E9FE8E69}.Debug|Any CPU.ActiveCfg = Debug|Any CPU
		{A5ECF80D-C4A0-42E2-BC7A-93F4E9FE8E69}.Debug|Any CPU.Build.0 = Debug|Any CPU
		{A5ECF80D-C4A0-42E2-BC7A-93F4E9FE8E69}.Release|Any CPU.ActiveCfg = Release|Any CPU
		{A5ECF80D-C4A0-42E2-BC7A-93F4E9FE8E69}.Release|Any CPU.Build.0 = Release|Any CPU
	EndGlobalSection
	GlobalSection(SolutionProperties) = preSolution
		HideSolutionNode = FALSE
	EndGlobalSection
	GlobalSection(ExtensibilityGlobals) = postSolution
		SolutionGuid = {10C66323-7A4C-4EFC-B3FB-059946F74DBD}
	EndGlobalSection
EndGlobal
